
Microsoft Visual Studio Solution File, Format Version 12.00
# Visual Studio Version 17
VisualStudioVersion = 17.9.34622.214
MinimumVisualStudioVersion = 10.0.40219.1
Project("{9A19103F-16F7-4668-BE54-9A1E7A4F7556}") = "Spotivy", "Spotify\Spotivy.csproj", "{FA1D3449-BA0B-47FD-BE70-DA951D81BBD6}"
EndProject
Global
	GlobalSection(SolutionConfigurationPlatforms) = preSolution
		Debug|Any CPU = Debug|Any CPU
		Release|Any CPU = Release|Any CPU
	EndGlobalSection
	GlobalSection(ProjectConfigurationPlatforms) = postSolution
		{FA1D3449-BA0B-47FD-BE70-DA951D81BBD6}.Debug|Any CPU.ActiveCfg = Debug|Any CPU
		{FA1D3449-BA0B-47FD-BE70-DA951D81BBD6}.Debug|Any CPU.Build.0 = Debug|Any CPU
		{FA1D3449-BA0B-47FD-BE70-DA951D81BBD6}.Release|Any CPU.ActiveCfg = Release|Any CPU
		{FA1D3449-BA0B-47FD-BE70-DA951D81BBD6}.Release|Any CPU.Build.0 = Release|Any CPU
	EndGlobalSection
	GlobalSection(SolutionProperties) = preSolution
		HideSolutionNode = FALSE
	EndGlobalSection
	GlobalSection(ExtensibilityGlobals) = postSolution
		SolutionGuid = {BAFDFA27-B8CD-4C93-AA7F-C127AA6AB4C8}
	EndGlobalSection
EndGlobal
